
Microsoft Visual Studio Solution File, Format Version 12.00
# Visual Studio Version 17
VisualStudioVersion = 17.1.32421.90
MinimumVisualStudioVersion = 10.0.40219.1
Project("{FAE04EC0-301F-11D3-BF4B-00C04F79EFBC}") = "CSharp2Sql", "CSharp2Sql\CSharp2Sql.csproj", "{947317BA-72D6-432B-A132-791D0BF7D887}"
EndProject
Global
	GlobalSection(SolutionConfigurationPlatforms) = preSolution
		Debug|Any CPU = Debug|Any CPU
		Release|Any CPU = Release|Any CPU
	EndGlobalSection
	GlobalSection(ProjectConfigurationPlatforms) = postSolution
		{947317BA-72D6-432B-A132-791D0BF7D887}.Debug|Any CPU.ActiveCfg = Debug|Any CPU
		{947317BA-72D6-432B-A132-791D0BF7D887}.Debug|Any CPU.Build.0 = Debug|Any CPU
		{947317BA-72D6-432B-A132-791D0BF7D887}.Release|Any CPU.ActiveCfg = Release|Any CPU
		{947317BA-72D6-432B-A132-791D0BF7D887}.Release|Any CPU.Build.0 = Release|Any CPU
	EndGlobalSection
	GlobalSection(SolutionProperties) = preSolution
		HideSolutionNode = FALSE
	EndGlobalSection
	GlobalSection(ExtensibilityGlobals) = postSolution
		SolutionGuid = {89E05F8E-AC35-4562-8A90-461D71EBEE88}
	EndGlobalSection
EndGlobal
